{
    "version": 3,
    "terraform_version": "0.11.10",
    "serial": 52,
    "lineage": "e0bb560e-b132-304d-0a3b-32141f16ab06",
    "modules": [
        {
            "path": [
                "root"
            ],
            "outputs": {},
            "resources": {
                "aws_eip.nat": {
                    "type": "aws_eip",
                    "depends_on": [],
                    "primary": {
                        "id": "eipalloc-03b9289efc4ecc325",
                        "attributes": {
                            "association_id": "",
                            "domain": "vpc",
                            "id": "eipalloc-03b9289efc4ecc325",
                            "instance": "",
                            "network_interface": "",
                            "private_ip": "",
                            "public_ip": "3.17.22.250",
                            "public_ipv4_pool": "amazon",
                            "tags.%": "0",
                            "vpc": "true"
                        },
                        "meta": {
                            "e2bfb730-ecaa-11e6-8f88-34363bc7c4c0": {
                                "delete": 180000000000,
                                "read": 900000000000,
                                "update": 300000000000
                            }
                        },
                        "tainted": false
                    },
                    "deposed": [],
                    "provider": "provider.aws"
                },
                "aws_internet_gateway.hv-gw": {
                    "type": "aws_internet_gateway",
                    "depends_on": [
                        "aws_vpc.hv"
                    ],
                    "primary": {
                        "id": "igw-0bbb5b901287db135",
                        "attributes": {
                            "id": "igw-0bbb5b901287db135",
                            "tags.%": "1",
                            "tags.Name": "hv",
                            "vpc_id": "vpc-0939cb5f4e4c2e911"
                        },
                        "meta": {},
                        "tainted": false
                    },
                    "deposed": [],
                    "provider": "provider.aws"
                },
                "aws_nat_gateway.nat-gw": {
                    "type": "aws_nat_gateway",
                    "depends_on": [
                        "aws_eip.nat",
                        "aws_internet_gateway.hv-gw",
                        "aws_subnet.hv-public-1"
                    ],
                    "primary": {
                        "id": "nat-020562eab90c77ee7",
                        "attributes": {
                            "allocation_id": "eipalloc-03b9289efc4ecc325",
                            "id": "nat-020562eab90c77ee7",
                            "network_interface_id": "eni-0e87ce6641d728393",
                            "private_ip": "10.1.1.70",
                            "public_ip": "3.17.22.250",
                            "subnet_id": "subnet-0b9df08547afb1521",
                            "tags.%": "0"
                        },
                        "meta": {},
                        "tainted": false
                    },
                    "deposed": [],
                    "provider": "provider.aws"
                },
                "aws_route.hitachi-vantara": {
                    "type": "aws_route",
                    "depends_on": [
                        "aws_vpc_peering_connection.vpc-peer"
                    ],
                    "primary": {
                        "id": "r-rtb-d156ceb93322942084",
                        "attributes": {
                            "destination_cidr_block": "10.1.0.0/16",
                            "destination_prefix_list_id": "",
                            "egress_only_gateway_id": "",
                            "gateway_id": "",
                            "id": "r-rtb-d156ceb93322942084",
                            "instance_id": "",
                            "instance_owner_id": "",
                            "nat_gateway_id": "",
                            "network_interface_id": "",
                            "origin": "CreateRoute",
                            "route_table_id": "rtb-d156ceb9",
                            "state": "blackhole",
                            "vpc_peering_connection_id": "pcx-0055f2049a2aeba6f"
                        },
                        "meta": {
                            "e2bfb730-ecaa-11e6-8f88-34363bc7c4c0": {
                                "create": 120000000000,
                                "delete": 300000000000
                            }
                        },
                        "tainted": false
                    },
                    "deposed": [],
                    "provider": "provider.aws"
                },
                "aws_route_table.hv-private-1": {
                    "type": "aws_route_table",
                    "depends_on": [
                        "aws_nat_gateway.nat-gw",
                        "aws_vpc.hv",
                        "aws_vpc_peering_connection.vpc-peer"
                    ],
                    "primary": {
                        "id": "rtb-016573a0d4530819e",
                        "attributes": {
                            "id": "rtb-016573a0d4530819e",
                            "propagating_vgws.#": "0",
                            "route.#": "2",
                            "route.1939579389.cidr_block": "0.0.0.0/0",
                            "route.1939579389.egress_only_gateway_id": "",
                            "route.1939579389.gateway_id": "",
                            "route.1939579389.instance_id": "",
                            "route.1939579389.ipv6_cidr_block": "",
                            "route.1939579389.nat_gateway_id": "nat-020562eab90c77ee7",
                            "route.1939579389.network_interface_id": "",
                            "route.1939579389.vpc_peering_connection_id": "",
                            "route.3429866239.cidr_block": "10.0.0.0/16",
                            "route.3429866239.egress_only_gateway_id": "",
                            "route.3429866239.gateway_id": "",
                            "route.3429866239.instance_id": "",
                            "route.3429866239.ipv6_cidr_block": "",
                            "route.3429866239.nat_gateway_id": "",
                            "route.3429866239.network_interface_id": "",
                            "route.3429866239.vpc_peering_connection_id": "pcx-0055f2049a2aeba6f",
                            "tags.%": "1",
                            "tags.Name": "hv-private-1",
                            "vpc_id": "vpc-0939cb5f4e4c2e911"
                        },
                        "meta": {},
                        "tainted": false
                    },
                    "deposed": [],
                    "provider": "provider.aws"
                },
                "aws_route_table.hv-public": {
                    "type": "aws_route_table",
                    "depends_on": [
                        "aws_internet_gateway.hv-gw",
                        "aws_vpc.hv"
                    ],
                    "primary": {
                        "id": "rtb-01d51e196b20a3eee",
                        "attributes": {
                            "id": "rtb-01d51e196b20a3eee",
                            "propagating_vgws.#": "0",
                            "route.#": "1",
                            "route.2008859039.cidr_block": "0.0.0.0/0",
                            "route.2008859039.egress_only_gateway_id": "",
                            "route.2008859039.gateway_id": "igw-0bbb5b901287db135",
                            "route.2008859039.instance_id": "",
                            "route.2008859039.ipv6_cidr_block": "",
                            "route.2008859039.nat_gateway_id": "",
                            "route.2008859039.network_interface_id": "",
                            "route.2008859039.vpc_peering_connection_id": "",
                            "tags.%": "1",
                            "tags.Name": "hv-public-1",
                            "vpc_id": "vpc-0939cb5f4e4c2e911"
                        },
                        "meta": {},
                        "tainted": false
                    },
                    "deposed": [],
                    "provider": "provider.aws"
                },
                "aws_route_table_association.hv-private-1": {
                    "type": "aws_route_table_association",
                    "depends_on": [
                        "aws_route_table.hv-private-1",
                        "aws_subnet.hv-private-1"
                    ],
                    "primary": {
                        "id": "rtbassoc-067b73a80a0b16f11",
                        "attributes": {
                            "id": "rtbassoc-067b73a80a0b16f11",
                            "route_table_id": "rtb-016573a0d4530819e",
                            "subnet_id": "subnet-08063e4690e8d21ba"
                        },
                        "meta": {},
                        "tainted": false
                    },
                    "deposed": [],
                    "provider": "provider.aws"
                },
                "aws_route_table_association.hv-public-1-a": {
                    "type": "aws_route_table_association",
                    "depends_on": [
                        "aws_route_table.hv-public",
                        "aws_subnet.hv-public-1"
                    ],
                    "primary": {
                        "id": "rtbassoc-03e4080a932fba115",
                        "attributes": {
                            "id": "rtbassoc-03e4080a932fba115",
                            "route_table_id": "rtb-01d51e196b20a3eee",
                            "subnet_id": "subnet-0b9df08547afb1521"
                        },
                        "meta": {},
                        "tainted": false
                    },
                    "deposed": [],
                    "provider": "provider.aws"
                },
                "aws_route_table_association.hv-public-2-a": {
                    "type": "aws_route_table_association",
                    "depends_on": [
                        "aws_route_table.hv-public",
                        "aws_subnet.hv-public-2"
                    ],
                    "primary": {
                        "id": "rtbassoc-05b5d90365a9f6435",
                        "attributes": {
                            "id": "rtbassoc-05b5d90365a9f6435",
                            "route_table_id": "rtb-01d51e196b20a3eee",
                            "subnet_id": "subnet-03953b0892d639b31"
                        },
                        "meta": {},
                        "tainted": false
                    },
                    "deposed": [],
                    "provider": "provider.aws"
                },
                "aws_route_table_association.hv-public-3-a": {
                    "type": "aws_route_table_association",
                    "depends_on": [
                        "aws_route_table.hv-public",
                        "aws_subnet.hv-public-3"
                    ],
                    "primary": {
                        "id": "rtbassoc-0b186c66fa30ac9e2",
                        "attributes": {
                            "id": "rtbassoc-0b186c66fa30ac9e2",
                            "route_table_id": "rtb-01d51e196b20a3eee",
                            "subnet_id": "subnet-04fb46ee2cf2f34a0"
                        },
                        "meta": {},
                        "tainted": false
                    },
                    "deposed": [],
                    "provider": "provider.aws"
                },
                "aws_security_group.aiops-test": {
                    "type": "aws_security_group",
                    "depends_on": [
                        "aws_vpc.hv"
                    ],
                    "primary": {
                        "id": "sg-08a448915bdf5f716",
                        "attributes": {
                            "arn": "arn:aws:ec2:us-east-2:560847904108:security-group/sg-08a448915bdf5f716",
                            "description": "Allow all inbound traffic",
                            "egress.#": "1",
                            "egress.482069346.cidr_blocks.#": "1",
                            "egress.482069346.cidr_blocks.0": "0.0.0.0/0",
                            "egress.482069346.description": "",
                            "egress.482069346.from_port": "0",
                            "egress.482069346.ipv6_cidr_blocks.#": "0",
                            "egress.482069346.prefix_list_ids.#": "0",
                            "egress.482069346.protocol": "-1",
                            "egress.482069346.security_groups.#": "0",
                            "egress.482069346.self": "false",
                            "egress.482069346.to_port": "0",
                            "id": "sg-08a448915bdf5f716",
                            "ingress.#": "2",
                            "ingress.1403647648.cidr_blocks.#": "1",
                            "ingress.1403647648.cidr_blocks.0": "0.0.0.0/0",
                            "ingress.1403647648.description": "",
                            "ingress.1403647648.from_port": "0",
                            "ingress.1403647648.ipv6_cidr_blocks.#": "0",
                            "ingress.1403647648.prefix_list_ids.#": "0",
                            "ingress.1403647648.protocol": "tcp",
                            "ingress.1403647648.security_groups.#": "0",
                            "ingress.1403647648.self": "false",
                            "ingress.1403647648.to_port": "65535",
                            "ingress.2541437006.cidr_blocks.#": "1",
                            "ingress.2541437006.cidr_blocks.0": "0.0.0.0/0",
                            "ingress.2541437006.description": "",
                            "ingress.2541437006.from_port": "22",
                            "ingress.2541437006.ipv6_cidr_blocks.#": "0",
                            "ingress.2541437006.prefix_list_ids.#": "0",
                            "ingress.2541437006.protocol": "tcp",
                            "ingress.2541437006.security_groups.#": "0",
                            "ingress.2541437006.self": "false",
                            "ingress.2541437006.to_port": "22",
                            "name": "aiops test",
                            "owner_id": "560847904108",
                            "revoke_rules_on_delete": "false",
                            "tags.%": "1",
                            "tags.Name": "aiops test",
                            "vpc_id": "vpc-0939cb5f4e4c2e911"
                        },
                        "meta": {
                            "e2bfb730-ecaa-11e6-8f88-34363bc7c4c0": {
                                "create": 600000000000,
                                "delete": 600000000000
                            },
                            "schema_version": "1"
                        },
                        "tainted": false
                    },
                    "deposed": [],
                    "provider": "provider.aws"
                },
                "aws_subnet.hv-private-1": {
                    "type": "aws_subnet",
                    "depends_on": [
                        "aws_vpc.hv"
                    ],
                    "primary": {
                        "id": "subnet-08063e4690e8d21ba",
                        "attributes": {
                            "arn": "arn:aws:ec2:us-east-2:560847904108:subnet/subnet-08063e4690e8d21ba",
                            "assign_ipv6_address_on_creation": "false",
                            "availability_zone": "us-east-2a",
                            "cidr_block": "10.1.4.0/24",
                            "id": "subnet-08063e4690e8d21ba",
                            "map_public_ip_on_launch": "false",
                            "tags.%": "1",
                            "tags.Name": "hv-private-1",
                            "vpc_id": "vpc-0939cb5f4e4c2e911"
                        },
                        "meta": {
                            "e2bfb730-ecaa-11e6-8f88-34363bc7c4c0": {
                                "create": 600000000000,
                                "delete": 600000000000
                            },
                            "schema_version": "1"
                        },
                        "tainted": false
                    },
                    "deposed": [],
                    "provider": "provider.aws"
                },
                "aws_subnet.hv-private-2": {
                    "type": "aws_subnet",
                    "depends_on": [
                        "aws_vpc.hv"
                    ],
                    "primary": {
                        "id": "subnet-05d00c10e6e71cfc9",
                        "attributes": {
                            "arn": "arn:aws:ec2:us-east-2:560847904108:subnet/subnet-05d00c10e6e71cfc9",
                            "assign_ipv6_address_on_creation": "false",
                            "availability_zone": "us-east-2b",
                            "cidr_block": "10.1.5.0/24",
                            "id": "subnet-05d00c10e6e71cfc9",
                            "map_public_ip_on_launch": "false",
                            "tags.%": "1",
                            "tags.Name": "hv-private-2",
                            "vpc_id": "vpc-0939cb5f4e4c2e911"
                        },
                        "meta": {
                            "e2bfb730-ecaa-11e6-8f88-34363bc7c4c0": {
                                "create": 600000000000,
                                "delete": 600000000000
                            },
                            "schema_version": "1"
                        },
                        "tainted": false
                    },
                    "deposed": [],
                    "provider": "provider.aws"
                },
                "aws_subnet.hv-private-3": {
                    "type": "aws_subnet",
                    "depends_on": [
                        "aws_vpc.hv"
                    ],
                    "primary": {
                        "id": "subnet-0e5793e953ede3f01",
                        "attributes": {
                            "arn": "arn:aws:ec2:us-east-2:560847904108:subnet/subnet-0e5793e953ede3f01",
                            "assign_ipv6_address_on_creation": "false",
                            "availability_zone": "us-east-2c",
                            "cidr_block": "10.1.6.0/24",
                            "id": "subnet-0e5793e953ede3f01",
                            "map_public_ip_on_launch": "false",
                            "tags.%": "1",
                            "tags.Name": "hv-private-3",
                            "vpc_id": "vpc-0939cb5f4e4c2e911"
                        },
                        "meta": {
                            "e2bfb730-ecaa-11e6-8f88-34363bc7c4c0": {
                                "create": 600000000000,
                                "delete": 600000000000
                            },
                            "schema_version": "1"
                        },
                        "tainted": false
                    },
                    "deposed": [],
                    "provider": "provider.aws"
                },
                "aws_subnet.hv-public-1": {
                    "type": "aws_subnet",
                    "depends_on": [
                        "aws_vpc.hv"
                    ],
                    "primary": {
                        "id": "subnet-0b9df08547afb1521",
                        "attributes": {
                            "arn": "arn:aws:ec2:us-east-2:560847904108:subnet/subnet-0b9df08547afb1521",
                            "assign_ipv6_address_on_creation": "false",
                            "availability_zone": "us-east-2a",
                            "cidr_block": "10.1.1.0/24",
                            "id": "subnet-0b9df08547afb1521",
                            "map_public_ip_on_launch": "true",
                            "tags.%": "1",
                            "tags.Name": "hv-public-1",
                            "vpc_id": "vpc-0939cb5f4e4c2e911"
                        },
                        "meta": {
                            "e2bfb730-ecaa-11e6-8f88-34363bc7c4c0": {
                                "create": 600000000000,
                                "delete": 600000000000
                            },
                            "schema_version": "1"
                        },
                        "tainted": false
                    },
                    "deposed": [],
                    "provider": "provider.aws"
                },
                "aws_subnet.hv-public-2": {
                    "type": "aws_subnet",
                    "depends_on": [
                        "aws_vpc.hv"
                    ],
                    "primary": {
                        "id": "subnet-03953b0892d639b31",
                        "attributes": {
                            "arn": "arn:aws:ec2:us-east-2:560847904108:subnet/subnet-03953b0892d639b31",
                            "assign_ipv6_address_on_creation": "false",
                            "availability_zone": "us-east-2b",
                            "cidr_block": "10.1.2.0/24",
                            "id": "subnet-03953b0892d639b31",
                            "map_public_ip_on_launch": "true",
                            "tags.%": "1",
                            "tags.Name": "hv-public-2",
                            "vpc_id": "vpc-0939cb5f4e4c2e911"
                        },
                        "meta": {
                            "e2bfb730-ecaa-11e6-8f88-34363bc7c4c0": {
                                "create": 600000000000,
                                "delete": 600000000000
                            },
                            "schema_version": "1"
                        },
                        "tainted": false
                    },
                    "deposed": [],
                    "provider": "provider.aws"
                },
                "aws_subnet.hv-public-3": {
                    "type": "aws_subnet",
                    "depends_on": [
                        "aws_vpc.hv"
                    ],
                    "primary": {
                        "id": "subnet-04fb46ee2cf2f34a0",
                        "attributes": {
                            "arn": "arn:aws:ec2:us-east-2:560847904108:subnet/subnet-04fb46ee2cf2f34a0",
                            "assign_ipv6_address_on_creation": "false",
                            "availability_zone": "us-east-2c",
                            "cidr_block": "10.1.3.0/24",
                            "id": "subnet-04fb46ee2cf2f34a0",
                            "map_public_ip_on_launch": "true",
                            "tags.%": "1",
                            "tags.Name": "hv-public-3",
                            "vpc_id": "vpc-0939cb5f4e4c2e911"
                        },
                        "meta": {
                            "e2bfb730-ecaa-11e6-8f88-34363bc7c4c0": {
                                "create": 600000000000,
                                "delete": 600000000000
                            },
                            "schema_version": "1"
                        },
                        "tainted": false
                    },
                    "deposed": [],
                    "provider": "provider.aws"
                },
                "aws_vpc.hv": {
                    "type": "aws_vpc",
                    "depends_on": [],
                    "primary": {
                        "id": "vpc-0939cb5f4e4c2e911",
                        "attributes": {
                            "arn": "arn:aws:ec2:us-east-2:560847904108:vpc/vpc-0939cb5f4e4c2e911",
                            "assign_generated_ipv6_cidr_block": "false",
                            "cidr_block": "10.1.0.0/16",
                            "default_network_acl_id": "acl-07d9f8ae66e207e8c",
                            "default_route_table_id": "rtb-03427b4245a465d97",
                            "default_security_group_id": "sg-0db973d2330febcbf",
                            "dhcp_options_id": "dopt-01a57a69",
                            "enable_classiclink": "false",
                            "enable_dns_hostnames": "true",
                            "enable_dns_support": "true",
                            "id": "vpc-0939cb5f4e4c2e911",
                            "instance_tenancy": "default",
                            "ipv6_association_id": "",
                            "ipv6_cidr_block": "",
                            "main_route_table_id": "rtb-03427b4245a465d97",
                            "tags.%": "1",
                            "tags.Name": "hv"
                        },
                        "meta": {
                            "schema_version": "1"
                        },
                        "tainted": false
                    },
                    "deposed": [],
                    "provider": "provider.aws"
                },
                "aws_vpc_peering_connection.vpc-peer": {
                    "type": "aws_vpc_peering_connection",
                    "depends_on": [
                        "aws_vpc.hv"
                    ],
                    "primary": {
                        "id": "pcx-0055f2049a2aeba6f",
                        "attributes": {
                            "accept_status": "active",
                            "accepter.#": "1",
                            "accepter.3244290774.allow_classic_link_to_remote_vpc": "false",
                            "accepter.3244290774.allow_remote_vpc_dns_resolution": "false",
                            "accepter.3244290774.allow_vpc_to_remote_classic_link": "false",
                            "auto_accept": "true",
                            "id": "pcx-0055f2049a2aeba6f",
                            "peer_owner_id": "560847904108",
                            "peer_region": "us-east-2",
                            "peer_vpc_id": "vpc-7fd17e17",
                            "requester.#": "1",
                            "requester.3244290774.allow_classic_link_to_remote_vpc": "false",
                            "requester.3244290774.allow_remote_vpc_dns_resolution": "false",
                            "requester.3244290774.allow_vpc_to_remote_classic_link": "false",
                            "tags.%": "1",
                            "tags.Name": "VPC Peering between openshift and mi-aiops",
                            "vpc_id": "vpc-0939cb5f4e4c2e911"
                        },
                        "meta": {
                            "e2bfb730-ecaa-11e6-8f88-34363bc7c4c0": {
                                "create": 60000000000,
                                "delete": 60000000000,
                                "update": 60000000000
                            }
                        },
                        "tainted": false
                    },
                    "deposed": [],
                    "provider": "provider.aws"
                }
            },
            "depends_on": []
        }
    ]
}
